
Microsoft Visual Studio Solution File, Format Version 12.00
# Visual Studio 15
VisualStudioVersion = 15.0.26124.0
MinimumVisualStudioVersion = 15.0.26124.0
Project("{FAE04EC0-301F-11D3-BF4B-00C04F79EFBC}") = "FactoryPattern", "FactoryPattern\FactoryPattern.csproj", "{53C3EF2E-5FA4-49A7-981C-3E2FCB86A661}"
EndProject
Project("{FAE04EC0-301F-11D3-BF4B-00C04F79EFBC}") = "ObserverPattern", "ObserverPattern\ObserverPattern.csproj", "{3E795D5C-564F-495F-B48B-B3E44A183BE3}"
EndProject
Project("{FAE04EC0-301F-11D3-BF4B-00C04F79EFBC}") = "DecoratorPattern", "DecoratorPattern\DecoratorPattern.csproj", "{515ADDB6-B2F5-4BB7-BAC9-2C056242B562}"
EndProject
Project("{FAE04EC0-301F-11D3-BF4B-00C04F79EFBC}") = "StrategyPattern", "StrategyPattern\StrategyPattern.csproj", "{37707D18-E894-464C-B27A-691FB86DCC3D}"
EndProject
Project("{FAE04EC0-301F-11D3-BF4B-00C04F79EFBC}") = "SingletonPattern", "SingletonPattern\SingletonPattern.csproj", "{6A712A5B-F317-4F8B-A6C4-14832790C2D2}"
EndProject
Project("{FAE04EC0-301F-11D3-BF4B-00C04F79EFBC}") = "CommandPattern", "CommandPattern\CommandPattern.csproj", "{C5BF3BAA-FBBF-4DB5-BD15-31B8C251ECEB}"
EndProject
Project("{FAE04EC0-301F-11D3-BF4B-00C04F79EFBC}") = "AdapterAndFacadePattern", "AdapterAndFacadePattern\AdapterAndFacadePattern.csproj", "{6BC9AA4B-81CF-42F7-9847-3FD0BCC35111}"
EndProject
Project("{FAE04EC0-301F-11D3-BF4B-00C04F79EFBC}") = "TemplateMethodPattern", "TemplateMethodPattern\TemplateMethodPattern.csproj", "{E766F061-E301-446D-98BD-FC82EAE9B6B0}"
EndProject
Project("{FAE04EC0-301F-11D3-BF4B-00C04F79EFBC}") = "IteratorAndCompositePatterns", "IteratorAndCompositePatterns\IteratorAndCompositePatterns.csproj", "{D8246A28-3644-43BC-A440-543F1110176A}"
EndProject
Project("{FAE04EC0-301F-11D3-BF4B-00C04F79EFBC}") = "StatePattern", "StatePattern\StatePattern.csproj", "{365DF303-54F4-4499-8609-A75087FC7159}"
EndProject
Project("{FAE04EC0-301F-11D3-BF4B-00C04F79EFBC}") = "ProxyPattern", "ProxyPattern\ProxyPattern.csproj", "{093BC97F-871C-4505-8DA8-FE1C5EB508E0}"
EndProject
Project("{FAE04EC0-301F-11D3-BF4B-00C04F79EFBC}") = "CoreObjects", "CoreObjects\CoreObjects.csproj", "{EC310289-9724-484C-A6F4-442B1BD80CD3}"
EndProject
Project("{FAE04EC0-301F-11D3-BF4B-00C04F79EFBC}") = "WebServices", "WebServices\WebServices.csproj", "{9F7F4A2A-CDAE-4C54-8CE5-A89EF406550A}"
EndProject
Global
	GlobalSection(SolutionConfigurationPlatforms) = preSolution
		Debug|Any CPU = Debug|Any CPU
		Debug|x64 = Debug|x64
		Debug|x86 = Debug|x86
		Release|Any CPU = Release|Any CPU
		Release|x64 = Release|x64
		Release|x86 = Release|x86
	EndGlobalSection
	GlobalSection(SolutionProperties) = preSolution
		HideSolutionNode = FALSE
	EndGlobalSection
	GlobalSection(ProjectConfigurationPlatforms) = postSolution
		{53C3EF2E-5FA4-49A7-981C-3E2FCB86A661}.Debug|Any CPU.ActiveCfg = Debug|Any CPU
		{53C3EF2E-5FA4-49A7-981C-3E2FCB86A661}.Debug|Any CPU.Build.0 = Debug|Any CPU
		{53C3EF2E-5FA4-49A7-981C-3E2FCB86A661}.Debug|x64.ActiveCfg = Debug|Any CPU
		{53C3EF2E-5FA4-49A7-981C-3E2FCB86A661}.Debug|x64.Build.0 = Debug|Any CPU
		{53C3EF2E-5FA4-49A7-981C-3E2FCB86A661}.Debug|x86.ActiveCfg = Debug|Any CPU
		{53C3EF2E-5FA4-49A7-981C-3E2FCB86A661}.Debug|x86.Build.0 = Debug|Any CPU
		{53C3EF2E-5FA4-49A7-981C-3E2FCB86A661}.Release|Any CPU.ActiveCfg = Release|Any CPU
		{53C3EF2E-5FA4-49A7-981C-3E2FCB86A661}.Release|Any CPU.Build.0 = Release|Any CPU
		{53C3EF2E-5FA4-49A7-981C-3E2FCB86A661}.Release|x64.ActiveCfg = Release|Any CPU
		{53C3EF2E-5FA4-49A7-981C-3E2FCB86A661}.Release|x64.Build.0 = Release|Any CPU
		{53C3EF2E-5FA4-49A7-981C-3E2FCB86A661}.Release|x86.ActiveCfg = Release|Any CPU
		{53C3EF2E-5FA4-49A7-981C-3E2FCB86A661}.Release|x86.Build.0 = Release|Any CPU
		{3E795D5C-564F-495F-B48B-B3E44A183BE3}.Debug|Any CPU.ActiveCfg = Debug|Any CPU
		{3E795D5C-564F-495F-B48B-B3E44A183BE3}.Debug|Any CPU.Build.0 = Debug|Any CPU
		{3E795D5C-564F-495F-B48B-B3E44A183BE3}.Debug|x64.ActiveCfg = Debug|Any CPU
		{3E795D5C-564F-495F-B48B-B3E44A183BE3}.Debug|x64.Build.0 = Debug|Any CPU
		{3E795D5C-564F-495F-B48B-B3E44A183BE3}.Debug|x86.ActiveCfg = Debug|Any CPU
		{3E795D5C-564F-495F-B48B-B3E44A183BE3}.Debug|x86.Build.0 = Debug|Any CPU
		{3E795D5C-564F-495F-B48B-B3E44A183BE3}.Release|Any CPU.ActiveCfg = Release|Any CPU
		{3E795D5C-564F-495F-B48B-B3E44A183BE3}.Release|Any CPU.Build.0 = Release|Any CPU
		{3E795D5C-564F-495F-B48B-B3E44A183BE3}.Release|x64.ActiveCfg = Release|Any CPU
		{3E795D5C-564F-495F-B48B-B3E44A183BE3}.Release|x64.Build.0 = Release|Any CPU
		{3E795D5C-564F-495F-B48B-B3E44A183BE3}.Release|x86.ActiveCfg = Release|Any CPU
		{3E795D5C-564F-495F-B48B-B3E44A183BE3}.Release|x86.Build.0 = Release|Any CPU
		{515ADDB6-B2F5-4BB7-BAC9-2C056242B562}.Debug|Any CPU.ActiveCfg = Debug|Any CPU
		{515ADDB6-B2F5-4BB7-BAC9-2C056242B562}.Debug|Any CPU.Build.0 = Debug|Any CPU
		{515ADDB6-B2F5-4BB7-BAC9-2C056242B562}.Debug|x64.ActiveCfg = Debug|Any CPU
		{515ADDB6-B2F5-4BB7-BAC9-2C056242B562}.Debug|x64.Build.0 = Debug|Any CPU
		{515ADDB6-B2F5-4BB7-BAC9-2C056242B562}.Debug|x86.ActiveCfg = Debug|Any CPU
		{515ADDB6-B2F5-4BB7-BAC9-2C056242B562}.Debug|x86.Build.0 = Debug|Any CPU
		{515ADDB6-B2F5-4BB7-BAC9-2C056242B562}.Release|Any CPU.ActiveCfg = Release|Any CPU
		{515ADDB6-B2F5-4BB7-BAC9-2C056242B562}.Release|Any CPU.Build.0 = Release|Any CPU
		{515ADDB6-B2F5-4BB7-BAC9-2C056242B562}.Release|x64.ActiveCfg = Release|Any CPU
		{515ADDB6-B2F5-4BB7-BAC9-2C056242B562}.Release|x64.Build.0 = Release|Any CPU
		{515ADDB6-B2F5-4BB7-BAC9-2C056242B562}.Release|x86.ActiveCfg = Release|Any CPU
		{515ADDB6-B2F5-4BB7-BAC9-2C056242B562}.Release|x86.Build.0 = Release|Any CPU
		{37707D18-E894-464C-B27A-691FB86DCC3D}.Debug|Any CPU.ActiveCfg = Debug|Any CPU
		{37707D18-E894-464C-B27A-691FB86DCC3D}.Debug|Any CPU.Build.0 = Debug|Any CPU
		{37707D18-E894-464C-B27A-691FB86DCC3D}.Debug|x64.ActiveCfg = Debug|Any CPU
		{37707D18-E894-464C-B27A-691FB86DCC3D}.Debug|x64.Build.0 = Debug|Any CPU
		{37707D18-E894-464C-B27A-691FB86DCC3D}.Debug|x86.ActiveCfg = Debug|Any CPU
		{37707D18-E894-464C-B27A-691FB86DCC3D}.Debug|x86.Build.0 = Debug|Any CPU
		{37707D18-E894-464C-B27A-691FB86DCC3D}.Release|Any CPU.ActiveCfg = Release|Any CPU
		{37707D18-E894-464C-B27A-691FB86DCC3D}.Release|Any CPU.Build.0 = Release|Any CPU
		{37707D18-E894-464C-B27A-691FB86DCC3D}.Release|x64.ActiveCfg = Release|Any CPU
		{37707D18-E894-464C-B27A-691FB86DCC3D}.Release|x64.Build.0 = Release|Any CPU
		{37707D18-E894-464C-B27A-691FB86DCC3D}.Release|x86.ActiveCfg = Release|Any CPU
		{37707D18-E894-464C-B27A-691FB86DCC3D}.Release|x86.Build.0 = Release|Any CPU
		{6A712A5B-F317-4F8B-A6C4-14832790C2D2}.Debug|Any CPU.ActiveCfg = Debug|Any CPU
		{6A712A5B-F317-4F8B-A6C4-14832790C2D2}.Debug|Any CPU.Build.0 = Debug|Any CPU
		{6A712A5B-F317-4F8B-A6C4-14832790C2D2}.Debug|x64.ActiveCfg = Debug|Any CPU
		{6A712A5B-F317-4F8B-A6C4-14832790C2D2}.Debug|x64.Build.0 = Debug|Any CPU
		{6A712A5B-F317-4F8B-A6C4-14832790C2D2}.Debug|x86.ActiveCfg = Debug|Any CPU
		{6A712A5B-F317-4F8B-A6C4-14832790C2D2}.Debug|x86.Build.0 = Debug|Any CPU
		{6A712A5B-F317-4F8B-A6C4-14832790C2D2}.Release|Any CPU.ActiveCfg = Release|Any CPU
		{6A712A5B-F317-4F8B-A6C4-14832790C2D2}.Release|Any CPU.Build.0 = Release|Any CPU
		{6A712A5B-F317-4F8B-A6C4-14832790C2D2}.Release|x64.ActiveCfg = Release|Any CPU
		{6A712A5B-F317-4F8B-A6C4-14832790C2D2}.Release|x64.Build.0 = Release|Any CPU
		{6A712A5B-F317-4F8B-A6C4-14832790C2D2}.Release|x86.ActiveCfg = Release|Any CPU
		{6A712A5B-F317-4F8B-A6C4-14832790C2D2}.Release|x86.Build.0 = Release|Any CPU
		{C5BF3BAA-FBBF-4DB5-BD15-31B8C251ECEB}.Debug|Any CPU.ActiveCfg = Debug|Any CPU
		{C5BF3BAA-FBBF-4DB5-BD15-31B8C251ECEB}.Debug|Any CPU.Build.0 = Debug|Any CPU
		{C5BF3BAA-FBBF-4DB5-BD15-31B8C251ECEB}.Debug|x64.ActiveCfg = Debug|Any CPU
		{C5BF3BAA-FBBF-4DB5-BD15-31B8C251ECEB}.Debug|x64.Build.0 = Debug|Any CPU
		{C5BF3BAA-FBBF-4DB5-BD15-31B8C251ECEB}.Debug|x86.ActiveCfg = Debug|Any CPU
		{C5BF3BAA-FBBF-4DB5-BD15-31B8C251ECEB}.Debug|x86.Build.0 = Debug|Any CPU
		{C5BF3BAA-FBBF-4DB5-BD15-31B8C251ECEB}.Release|Any CPU.ActiveCfg = Release|Any CPU
		{C5BF3BAA-FBBF-4DB5-BD15-31B8C251ECEB}.Release|Any CPU.Build.0 = Release|Any CPU
		{C5BF3BAA-FBBF-4DB5-BD15-31B8C251ECEB}.Release|x64.ActiveCfg = Release|Any CPU
		{C5BF3BAA-FBBF-4DB5-BD15-31B8C251ECEB}.Release|x64.Build.0 = Release|Any CPU
		{C5BF3BAA-FBBF-4DB5-BD15-31B8C251ECEB}.Release|x86.ActiveCfg = Release|Any CPU
		{C5BF3BAA-FBBF-4DB5-BD15-31B8C251ECEB}.Release|x86.Build.0 = Release|Any CPU
		{6BC9AA4B-81CF-42F7-9847-3FD0BCC35111}.Debug|Any CPU.ActiveCfg = Debug|Any CPU
		{6BC9AA4B-81CF-42F7-9847-3FD0BCC35111}.Debug|Any CPU.Build.0 = Debug|Any CPU
		{6BC9AA4B-81CF-42F7-9847-3FD0BCC35111}.Debug|x64.ActiveCfg = Debug|Any CPU
		{6BC9AA4B-81CF-42F7-9847-3FD0BCC35111}.Debug|x64.Build.0 = Debug|Any CPU
		{6BC9AA4B-81CF-42F7-9847-3FD0BCC35111}.Debug|x86.ActiveCfg = Debug|Any CPU
		{6BC9AA4B-81CF-42F7-9847-3FD0BCC35111}.Debug|x86.Build.0 = Debug|Any CPU
		{6BC9AA4B-81CF-42F7-9847-3FD0BCC35111}.Release|Any CPU.ActiveCfg = Release|Any CPU
		{6BC9AA4B-81CF-42F7-9847-3FD0BCC35111}.Release|Any CPU.Build.0 = Release|Any CPU
		{6BC9AA4B-81CF-42F7-9847-3FD0BCC35111}.Release|x64.ActiveCfg = Release|Any CPU
		{6BC9AA4B-81CF-42F7-9847-3FD0BCC35111}.Release|x64.Build.0 = Release|Any CPU
		{6BC9AA4B-81CF-42F7-9847-3FD0BCC35111}.Release|x86.ActiveCfg = Release|Any CPU
		{6BC9AA4B-81CF-42F7-9847-3FD0BCC35111}.Release|x86.Build.0 = Release|Any CPU
		{E766F061-E301-446D-98BD-FC82EAE9B6B0}.Debug|Any CPU.ActiveCfg = Debug|Any CPU
		{E766F061-E301-446D-98BD-FC82EAE9B6B0}.Debug|Any CPU.Build.0 = Debug|Any CPU
		{E766F061-E301-446D-98BD-FC82EAE9B6B0}.Debug|x64.ActiveCfg = Debug|Any CPU
		{E766F061-E301-446D-98BD-FC82EAE9B6B0}.Debug|x64.Build.0 = Debug|Any CPU
		{E766F061-E301-446D-98BD-FC82EAE9B6B0}.Debug|x86.ActiveCfg = Debug|Any CPU
		{E766F061-E301-446D-98BD-FC82EAE9B6B0}.Debug|x86.Build.0 = Debug|Any CPU
		{E766F061-E301-446D-98BD-FC82EAE9B6B0}.Release|Any CPU.ActiveCfg = Release|Any CPU
		{E766F061-E301-446D-98BD-FC82EAE9B6B0}.Release|Any CPU.Build.0 = Release|Any CPU
		{E766F061-E301-446D-98BD-FC82EAE9B6B0}.Release|x64.ActiveCfg = Release|Any CPU
		{E766F061-E301-446D-98BD-FC82EAE9B6B0}.Release|x64.Build.0 = Release|Any CPU
		{E766F061-E301-446D-98BD-FC82EAE9B6B0}.Release|x86.ActiveCfg = Release|Any CPU
		{E766F061-E301-446D-98BD-FC82EAE9B6B0}.Release|x86.Build.0 = Release|Any CPU
		{D8246A28-3644-43BC-A440-543F1110176A}.Debug|Any CPU.ActiveCfg = Debug|Any CPU
		{D8246A28-3644-43BC-A440-543F1110176A}.Debug|Any CPU.Build.0 = Debug|Any CPU
		{D8246A28-3644-43BC-A440-543F1110176A}.Debug|x64.ActiveCfg = Debug|Any CPU
		{D8246A28-3644-43BC-A440-543F1110176A}.Debug|x64.Build.0 = Debug|Any CPU
		{D8246A28-3644-43BC-A440-543F1110176A}.Debug|x86.ActiveCfg = Debug|Any CPU
		{D8246A28-3644-43BC-A440-543F1110176A}.Debug|x86.Build.0 = Debug|Any CPU
		{D8246A28-3644-43BC-A440-543F1110176A}.Release|Any CPU.ActiveCfg = Release|Any CPU
		{D8246A28-3644-43BC-A440-543F1110176A}.Release|Any CPU.Build.0 = Release|Any CPU
		{D8246A28-3644-43BC-A440-543F1110176A}.Release|x64.ActiveCfg = Release|Any CPU
		{D8246A28-3644-43BC-A440-543F1110176A}.Release|x64.Build.0 = Release|Any CPU
		{D8246A28-3644-43BC-A440-543F1110176A}.Release|x86.ActiveCfg = Release|Any CPU
		{D8246A28-3644-43BC-A440-543F1110176A}.Release|x86.Build.0 = Release|Any CPU
		{365DF303-54F4-4499-8609-A75087FC7159}.Debug|Any CPU.ActiveCfg = Debug|Any CPU
		{365DF303-54F4-4499-8609-A75087FC7159}.Debug|Any CPU.Build.0 = Debug|Any CPU
		{365DF303-54F4-4499-8609-A75087FC7159}.Debug|x64.ActiveCfg = Debug|Any CPU
		{365DF303-54F4-4499-8609-A75087FC7159}.Debug|x64.Build.0 = Debug|Any CPU
		{365DF303-54F4-4499-8609-A75087FC7159}.Debug|x86.ActiveCfg = Debug|Any CPU
		{365DF303-54F4-4499-8609-A75087FC7159}.Debug|x86.Build.0 = Debug|Any CPU
		{365DF303-54F4-4499-8609-A75087FC7159}.Release|Any CPU.ActiveCfg = Release|Any CPU
		{365DF303-54F4-4499-8609-A75087FC7159}.Release|Any CPU.Build.0 = Release|Any CPU
		{365DF303-54F4-4499-8609-A75087FC7159}.Release|x64.ActiveCfg = Release|Any CPU
		{365DF303-54F4-4499-8609-A75087FC7159}.Release|x64.Build.0 = Release|Any CPU
		{365DF303-54F4-4499-8609-A75087FC7159}.Release|x86.ActiveCfg = Release|Any CPU
		{365DF303-54F4-4499-8609-A75087FC7159}.Release|x86.Build.0 = Release|Any CPU
		{093BC97F-871C-4505-8DA8-FE1C5EB508E0}.Debug|Any CPU.ActiveCfg = Debug|Any CPU
		{093BC97F-871C-4505-8DA8-FE1C5EB508E0}.Debug|Any CPU.Build.0 = Debug|Any CPU
		{093BC97F-871C-4505-8DA8-FE1C5EB508E0}.Debug|x64.ActiveCfg = Debug|Any CPU
		{093BC97F-871C-4505-8DA8-FE1C5EB508E0}.Debug|x64.Build.0 = Debug|Any CPU
		{093BC97F-871C-4505-8DA8-FE1C5EB508E0}.Debug|x86.ActiveCfg = Debug|Any CPU
		{093BC97F-871C-4505-8DA8-FE1C5EB508E0}.Debug|x86.Build.0 = Debug|Any CPU
		{093BC97F-871C-4505-8DA8-FE1C5EB508E0}.Release|Any CPU.ActiveCfg = Release|Any CPU
		{093BC97F-871C-4505-8DA8-FE1C5EB508E0}.Release|Any CPU.Build.0 = Release|Any CPU
		{093BC97F-871C-4505-8DA8-FE1C5EB508E0}.Release|x64.ActiveCfg = Release|Any CPU
		{093BC97F-871C-4505-8DA8-FE1C5EB508E0}.Release|x64.Build.0 = Release|Any CPU
		{093BC97F-871C-4505-8DA8-FE1C5EB508E0}.Release|x86.ActiveCfg = Release|Any CPU
		{093BC97F-871C-4505-8DA8-FE1C5EB508E0}.Release|x86.Build.0 = Release|Any CPU
		{EC310289-9724-484C-A6F4-442B1BD80CD3}.Debug|Any CPU.ActiveCfg = Debug|Any CPU
		{EC310289-9724-484C-A6F4-442B1BD80CD3}.Debug|Any CPU.Build.0 = Debug|Any CPU
		{EC310289-9724-484C-A6F4-442B1BD80CD3}.Debug|x64.ActiveCfg = Debug|Any CPU
		{EC310289-9724-484C-A6F4-442B1BD80CD3}.Debug|x64.Build.0 = Debug|Any CPU
		{EC310289-9724-484C-A6F4-442B1BD80CD3}.Debug|x86.ActiveCfg = Debug|Any CPU
		{EC310289-9724-484C-A6F4-442B1BD80CD3}.Debug|x86.Build.0 = Debug|Any CPU
		{EC310289-9724-484C-A6F4-442B1BD80CD3}.Release|Any CPU.ActiveCfg = Release|Any CPU
		{EC310289-9724-484C-A6F4-442B1BD80CD3}.Release|Any CPU.Build.0 = Release|Any CPU
		{EC310289-9724-484C-A6F4-442B1BD80CD3}.Release|x64.ActiveCfg = Release|Any CPU
		{EC310289-9724-484C-A6F4-442B1BD80CD3}.Release|x64.Build.0 = Release|Any CPU
		{EC310289-9724-484C-A6F4-442B1BD80CD3}.Release|x86.ActiveCfg = Release|Any CPU
		{EC310289-9724-484C-A6F4-442B1BD80CD3}.Release|x86.Build.0 = Release|Any CPU
		{9F7F4A2A-CDAE-4C54-8CE5-A89EF406550A}.Debug|Any CPU.ActiveCfg = Debug|Any CPU
		{9F7F4A2A-CDAE-4C54-8CE5-A89EF406550A}.Debug|Any CPU.Build.0 = Debug|Any CPU
		{9F7F4A2A-CDAE-4C54-8CE5-A89EF406550A}.Debug|x64.ActiveCfg = Debug|Any CPU
		{9F7F4A2A-CDAE-4C54-8CE5-A89EF406550A}.Debug|x64.Build.0 = Debug|Any CPU
		{9F7F4A2A-CDAE-4C54-8CE5-A89EF406550A}.Debug|x86.ActiveCfg = Debug|Any CPU
		{9F7F4A2A-CDAE-4C54-8CE5-A89EF406550A}.Debug|x86.Build.0 = Debug|Any CPU
		{9F7F4A2A-CDAE-4C54-8CE5-A89EF406550A}.Release|Any CPU.ActiveCfg = Release|Any CPU
		{9F7F4A2A-CDAE-4C54-8CE5-A89EF406550A}.Release|Any CPU.Build.0 = Release|Any CPU
		{9F7F4A2A-CDAE-4C54-8CE5-A89EF406550A}.Release|x64.ActiveCfg = Release|Any CPU
		{9F7F4A2A-CDAE-4C54-8CE5-A89EF406550A}.Release|x64.Build.0 = Release|Any CPU
		{9F7F4A2A-CDAE-4C54-8CE5-A89EF406550A}.Release|x86.ActiveCfg = Release|Any CPU
		{9F7F4A2A-CDAE-4C54-8CE5-A89EF406550A}.Release|x86.Build.0 = Release|Any CPU
	EndGlobalSection
EndGlobal
