
Microsoft Visual Studio Solution File, Format Version 12.00
# Visual Studio 15
VisualStudioVersion = 15.0.26124.0
MinimumVisualStudioVersion = 15.0.26124.0
Project("{FAE04EC0-301F-11D3-BF4B-00C04F79EFBC}") = "FactoryPattern", "FactoryPattern\FactoryPattern.csproj", "{53C3EF2E-5FA4-49A7-981C-3E2FCB86A661}"
EndProject
Project("{FAE04EC0-301F-11D3-BF4B-00C04F79EFBC}") = "ObserverPattern", "ObserverPattern\ObserverPattern.csproj", "{3E795D5C-564F-495F-B48B-B3E44A183BE3}"
EndProject
Project("{FAE04EC0-301F-11D3-BF4B-00C04F79EFBC}") = "DecoratorPattern", "DecoratorPattern\DecoratorPattern.csproj", "{515ADDB6-B2F5-4BB7-BAC9-2C056242B562}"
EndProject
Project("{FAE04EC0-301F-11D3-BF4B-00C04F79EFBC}") = "StrategyPattern", "StrategyPattern\StrategyPattern.csproj", "{37707D18-E894-464C-B27A-691FB86DCC3D}"
EndProject
Project("{FAE04EC0-301F-11D3-BF4B-00C04F79EFBC}") = "SingletonPattern", "SingletonPattern\SingletonPattern.csproj", "{6A712A5B-F317-4F8B-A6C4-14832790C2D2}"
EndProject
Global
	GlobalSection(SolutionConfigurationPlatforms) = preSolution
		Debug|Any CPU = Debug|Any CPU
		Debug|x64 = Debug|x64
		Debug|x86 = Debug|x86
		Release|Any CPU = Release|Any CPU
		Release|x64 = Release|x64
		Release|x86 = Release|x86
	EndGlobalSection
	GlobalSection(SolutionProperties) = preSolution
		HideSolutionNode = FALSE
	EndGlobalSection
	GlobalSection(ProjectConfigurationPlatforms) = postSolution
		{53C3EF2E-5FA4-49A7-981C-3E2FCB86A661}.Debug|Any CPU.ActiveCfg = Debug|Any CPU
		{53C3EF2E-5FA4-49A7-981C-3E2FCB86A661}.Debug|Any CPU.Build.0 = Debug|Any CPU
		{53C3EF2E-5FA4-49A7-981C-3E2FCB86A661}.Debug|x64.ActiveCfg = Debug|Any CPU
		{53C3EF2E-5FA4-49A7-981C-3E2FCB86A661}.Debug|x64.Build.0 = Debug|Any CPU
		{53C3EF2E-5FA4-49A7-981C-3E2FCB86A661}.Debug|x86.ActiveCfg = Debug|Any CPU
		{53C3EF2E-5FA4-49A7-981C-3E2FCB86A661}.Debug|x86.Build.0 = Debug|Any CPU
		{53C3EF2E-5FA4-49A7-981C-3E2FCB86A661}.Release|Any CPU.ActiveCfg = Release|Any CPU
		{53C3EF2E-5FA4-49A7-981C-3E2FCB86A661}.Release|Any CPU.Build.0 = Release|Any CPU
		{53C3EF2E-5FA4-49A7-981C-3E2FCB86A661}.Release|x64.ActiveCfg = Release|Any CPU
		{53C3EF2E-5FA4-49A7-981C-3E2FCB86A661}.Release|x64.Build.0 = Release|Any CPU
		{53C3EF2E-5FA4-49A7-981C-3E2FCB86A661}.Release|x86.ActiveCfg = Release|Any CPU
		{53C3EF2E-5FA4-49A7-981C-3E2FCB86A661}.Release|x86.Build.0 = Release|Any CPU
		{3E795D5C-564F-495F-B48B-B3E44A183BE3}.Debug|Any CPU.ActiveCfg = Debug|Any CPU
		{3E795D5C-564F-495F-B48B-B3E44A183BE3}.Debug|Any CPU.Build.0 = Debug|Any CPU
		{3E795D5C-564F-495F-B48B-B3E44A183BE3}.Debug|x64.ActiveCfg = Debug|Any CPU
		{3E795D5C-564F-495F-B48B-B3E44A183BE3}.Debug|x64.Build.0 = Debug|Any CPU
		{3E795D5C-564F-495F-B48B-B3E44A183BE3}.Debug|x86.ActiveCfg = Debug|Any CPU
		{3E795D5C-564F-495F-B48B-B3E44A183BE3}.Debug|x86.Build.0 = Debug|Any CPU
		{3E795D5C-564F-495F-B48B-B3E44A183BE3}.Release|Any CPU.ActiveCfg = Release|Any CPU
		{3E795D5C-564F-495F-B48B-B3E44A183BE3}.Release|Any CPU.Build.0 = Release|Any CPU
		{3E795D5C-564F-495F-B48B-B3E44A183BE3}.Release|x64.ActiveCfg = Release|Any CPU
		{3E795D5C-564F-495F-B48B-B3E44A183BE3}.Release|x64.Build.0 = Release|Any CPU
		{3E795D5C-564F-495F-B48B-B3E44A183BE3}.Release|x86.ActiveCfg = Release|Any CPU
		{3E795D5C-564F-495F-B48B-B3E44A183BE3}.Release|x86.Build.0 = Release|Any CPU
		{515ADDB6-B2F5-4BB7-BAC9-2C056242B562}.Debug|Any CPU.ActiveCfg = Debug|Any CPU
		{515ADDB6-B2F5-4BB7-BAC9-2C056242B562}.Debug|Any CPU.Build.0 = Debug|Any CPU
		{515ADDB6-B2F5-4BB7-BAC9-2C056242B562}.Debug|x64.ActiveCfg = Debug|Any CPU
		{515ADDB6-B2F5-4BB7-BAC9-2C056242B562}.Debug|x64.Build.0 = Debug|Any CPU
		{515ADDB6-B2F5-4BB7-BAC9-2C056242B562}.Debug|x86.ActiveCfg = Debug|Any CPU
		{515ADDB6-B2F5-4BB7-BAC9-2C056242B562}.Debug|x86.Build.0 = Debug|Any CPU
		{515ADDB6-B2F5-4BB7-BAC9-2C056242B562}.Release|Any CPU.ActiveCfg = Release|Any CPU
		{515ADDB6-B2F5-4BB7-BAC9-2C056242B562}.Release|Any CPU.Build.0 = Release|Any CPU
		{515ADDB6-B2F5-4BB7-BAC9-2C056242B562}.Release|x64.ActiveCfg = Release|Any CPU
		{515ADDB6-B2F5-4BB7-BAC9-2C056242B562}.Release|x64.Build.0 = Release|Any CPU
		{515ADDB6-B2F5-4BB7-BAC9-2C056242B562}.Release|x86.ActiveCfg = Release|Any CPU
		{515ADDB6-B2F5-4BB7-BAC9-2C056242B562}.Release|x86.Build.0 = Release|Any CPU
		{37707D18-E894-464C-B27A-691FB86DCC3D}.Debug|Any CPU.ActiveCfg = Debug|Any CPU
		{37707D18-E894-464C-B27A-691FB86DCC3D}.Debug|Any CPU.Build.0 = Debug|Any CPU
		{37707D18-E894-464C-B27A-691FB86DCC3D}.Debug|x64.ActiveCfg = Debug|Any CPU
		{37707D18-E894-464C-B27A-691FB86DCC3D}.Debug|x64.Build.0 = Debug|Any CPU
		{37707D18-E894-464C-B27A-691FB86DCC3D}.Debug|x86.ActiveCfg = Debug|Any CPU
		{37707D18-E894-464C-B27A-691FB86DCC3D}.Debug|x86.Build.0 = Debug|Any CPU
		{37707D18-E894-464C-B27A-691FB86DCC3D}.Release|Any CPU.ActiveCfg = Release|Any CPU
		{37707D18-E894-464C-B27A-691FB86DCC3D}.Release|Any CPU.Build.0 = Release|Any CPU
		{37707D18-E894-464C-B27A-691FB86DCC3D}.Release|x64.ActiveCfg = Release|Any CPU
		{37707D18-E894-464C-B27A-691FB86DCC3D}.Release|x64.Build.0 = Release|Any CPU
		{37707D18-E894-464C-B27A-691FB86DCC3D}.Release|x86.ActiveCfg = Release|Any CPU
		{37707D18-E894-464C-B27A-691FB86DCC3D}.Release|x86.Build.0 = Release|Any CPU
		{6A712A5B-F317-4F8B-A6C4-14832790C2D2}.Debug|Any CPU.ActiveCfg = Debug|Any CPU
		{6A712A5B-F317-4F8B-A6C4-14832790C2D2}.Debug|Any CPU.Build.0 = Debug|Any CPU
		{6A712A5B-F317-4F8B-A6C4-14832790C2D2}.Debug|x64.ActiveCfg = Debug|Any CPU
		{6A712A5B-F317-4F8B-A6C4-14832790C2D2}.Debug|x64.Build.0 = Debug|Any CPU
		{6A712A5B-F317-4F8B-A6C4-14832790C2D2}.Debug|x86.ActiveCfg = Debug|Any CPU
		{6A712A5B-F317-4F8B-A6C4-14832790C2D2}.Debug|x86.Build.0 = Debug|Any CPU
		{6A712A5B-F317-4F8B-A6C4-14832790C2D2}.Release|Any CPU.ActiveCfg = Release|Any CPU
		{6A712A5B-F317-4F8B-A6C4-14832790C2D2}.Release|Any CPU.Build.0 = Release|Any CPU
		{6A712A5B-F317-4F8B-A6C4-14832790C2D2}.Release|x64.ActiveCfg = Release|Any CPU
		{6A712A5B-F317-4F8B-A6C4-14832790C2D2}.Release|x64.Build.0 = Release|Any CPU
		{6A712A5B-F317-4F8B-A6C4-14832790C2D2}.Release|x86.ActiveCfg = Release|Any CPU
		{6A712A5B-F317-4F8B-A6C4-14832790C2D2}.Release|x86.Build.0 = Release|Any CPU
	EndGlobalSection
EndGlobal
